{
  "name": "crap4ts-workspace",
  "version": "0.1.0",
  "lockfileVersion": 3,
  "requires": true,
  "packages": {
    "": {
      "name": "crap4ts-workspace",
      "version": "0.1.0",
      "license": "MIT",
      "workspaces": [
        "packages/*"
      ],
      "engines": {
        "node": ">=20.19.0 <25"
      }
    },
    "node_modules/@crap4ts/darwin-arm64": {
      "resolved": "packages/crap4ts-darwin-arm64",
      "link": true
    },
    "node_modules/@crap4ts/darwin-x64": {
      "resolved": "packages/crap4ts-darwin-x64",
      "link": true
    },
    "node_modules/@crap4ts/linux-arm64": {
      "resolved": "packages/crap4ts-linux-arm64",
      "link": true
    },
    "node_modules/@crap4ts/linux-x64": {
      "resolved": "packages/crap4ts-linux-x64",
      "link": true
    },
    "node_modules/@crap4ts/win32-x64": {
      "resolved": "packages/crap4ts-win32-x64",
      "link": true
    },
    "node_modules/crap4ts": {
      "resolved": "packages/crap4ts",
      "link": true
    },
    "packages/crap4ts": {
      "version": "0.1.0",
      "license": "MIT",
      "bin": {
        "crap4ts": "bin/crap4ts.js"
      },
      "engines": {
        "node": ">=20.19.0 <25"
      },
      "optionalDependencies": {
        "@crap4ts/darwin-arm64": "0.1.0",
        "@crap4ts/darwin-x64": "0.1.0",
        "@crap4ts/linux-arm64": "0.1.0",
        "@crap4ts/linux-x64": "0.1.0",
        "@crap4ts/win32-x64": "0.1.0"
      }
    },
    "packages/crap4ts-darwin-arm64": {
      "name": "@crap4ts/darwin-arm64",
      "version": "0.1.0",
      "cpu": [
        "arm64"
      ],
      "license": "MIT",
      "os": [
        "darwin"
      ]
    },
    "packages/crap4ts-darwin-x64": {
      "name": "@crap4ts/darwin-x64",
      "version": "0.1.0",
      "cpu": [
        "x64"
      ],
      "license": "MIT",
      "os": [
        "darwin"
      ]
    },
    "packages/crap4ts-linux-arm64": {
      "name": "@crap4ts/linux-arm64",
      "version": "0.1.0",
      "cpu": [
        "arm64"
      ],
      "license": "MIT",
      "os": [
        "linux"
      ]
    },
    "packages/crap4ts-linux-x64": {
      "name": "@crap4ts/linux-x64",
      "version": "0.1.0",
      "cpu": [
        "x64"
      ],
      "license": "MIT",
      "os": [
        "linux"
      ]
    },
    "packages/crap4ts-win32-x64": {
      "name": "@crap4ts/win32-x64",
      "version": "0.1.0",
      "cpu": [
        "x64"
      ],
      "license": "MIT",
      "os": [
        "win32"
      ]
    }
  }
}
